
Microsoft Visual Studio Solution File, Format Version 11.00
# Visual Studio 2010
Project("{FAE04EC0-301F-11D3-BF4B-00C04F79EFBC}") = "EnvInt.Win32.FieldTech.ADR", "EnvInt.Win32.FieldTech.ADR.csproj", "{52702A36-CA5F-446F-910B-A96EC999AE20}"
EndProject
Global
	GlobalSection(SolutionConfigurationPlatforms) = preSolution
		Debug|Any CPU = Debug|Any CPU
		Release|Any CPU = Release|Any CPU
	EndGlobalSection
	GlobalSection(ProjectConfigurationPlatforms) = postSolution
		{52702A36-CA5F-446F-910B-A96EC999AE20}.Debug|Any CPU.ActiveCfg = Debug|Any CPU
		{52702A36-CA5F-446F-910B-A96EC999AE20}.Debug|Any CPU.Build.0 = Debug|Any CPU
		{52702A36-CA5F-446F-910B-A96EC999AE20}.Release|Any CPU.ActiveCfg = Release|Any CPU
		{52702A36-CA5F-446F-910B-A96EC999AE20}.Release|Any CPU.Build.0 = Release|Any CPU
	EndGlobalSection
	GlobalSection(SolutionProperties) = preSolution
		HideSolutionNode = FALSE
	EndGlobalSection
EndGlobal
